Microsoft Visual Studio Solution File, Format Version 12.00
# Visual Studio Version 17
VisualStudioVersion = 17.5.2.0
MinimumVisualStudioVersion = 10.0.40219.1
Project("{FAE04EC0-301F-11D3-BF4B-00C04F79EFBC}") = "Tiered Tech Blocks", "Tiered Tech Blocks.csproj", "{179706CB-B03B-FE2C-F625-995F6285D195}"
EndProject
Global
	GlobalSection(SolutionConfigurationPlatforms) = preSolution
		Debug|Any CPU = Debug|Any CPU
		Release|Any CPU = Release|Any CPU
	EndGlobalSection
	GlobalSection(ProjectConfigurationPlatforms) = postSolution
		{179706CB-B03B-FE2C-F625-995F6285D195}.Debug|Any CPU.ActiveCfg = Debug|Any CPU
		{179706CB-B03B-FE2C-F625-995F6285D195}.Debug|Any CPU.Build.0 = Debug|Any CPU
		{179706CB-B03B-FE2C-F625-995F6285D195}.Release|Any CPU.ActiveCfg = Release|Any CPU
		{179706CB-B03B-FE2C-F625-995F6285D195}.Release|Any CPU.Build.0 = Release|Any CPU
	EndGlobalSection
	GlobalSection(SolutionProperties) = preSolution
		HideSolutionNode = FALSE
	EndGlobalSection
	GlobalSection(ExtensibilityGlobals) = postSolution
		SolutionGuid = {7CB03294-2372-4046-8C29-779EDDD19C52}
	EndGlobalSection
EndGlobal
